
Microsoft Visual Studio Solution File, Format Version 12.00
# Visual Studio 15
VisualStudioVersion = 15.0.28010.2050
MinimumVisualStudioVersion = 10.0.40219.1
Project("{8BC9CEB8-8B4A-11D0-8D11-00A0C91BC942}") = "GoogleTest", "GoogleTest\GoogleTest.vcxproj", "{E598A730-5651-4793-88B5-068F7B501657}"
EndProject
Global
	GlobalSection(SolutionConfigurationPlatforms) = preSolution
		Debug|x64 = Debug|x64
		Debug|x86 = Debug|x86
		Release|x64 = Release|x64
		Release|x86 = Release|x86
	EndGlobalSection
	GlobalSection(ProjectConfigurationPlatforms) = postSolution
		{E598A730-5651-4793-88B5-068F7B501657}.Debug|x64.ActiveCfg = Debug|x64
		{E598A730-5651-4793-88B5-068F7B501657}.Debug|x64.Build.0 = Debug|x64
		{E598A730-5651-4793-88B5-068F7B501657}.Debug|x86.ActiveCfg = Debug|Win32
		{E598A730-5651-4793-88B5-068F7B501657}.Debug|x86.Build.0 = Debug|Win32
		{E598A730-5651-4793-88B5-068F7B501657}.Release|x64.ActiveCfg = Release|x64
		{E598A730-5651-4793-88B5-068F7B501657}.Release|x64.Build.0 = Release|x64
		{E598A730-5651-4793-88B5-068F7B501657}.Release|x86.ActiveCfg = Release|Win32
		{E598A730-5651-4793-88B5-068F7B501657}.Release|x86.Build.0 = Release|Win32
	EndGlobalSection
	GlobalSection(SolutionProperties) = preSolution
		HideSolutionNode = FALSE
	EndGlobalSection
	GlobalSection(ExtensibilityGlobals) = postSolution
		SolutionGuid = {98CEE592-E32C-49AE-B146-BC9B3BF6492E}
	EndGlobalSection
EndGlobal
