<?xml version="1.0" encoding="utf-8"?>
<Project ToolsVersion="4.0" xmlns="http://schemas.microsoft.com/developer/msbuild/2003">
  <ItemGroup>
    <Filter Include="Fichiers de ressources">
      <UniqueIdentifier>{67DA6AB6-F800-4c08-8B7A-83BB121AAD01}</UniqueIdentifier>
      <Extensions>rc;ico;cur;bmp;dlg;rc2;rct;bin;rgs;gif;jpg;jpeg;jpe;resx;tiff;tif;png;wav;mfcribbon-ms</Extensions>
    </Filter>
    <Filter Include="Tests">
      <UniqueIdentifier>{a38324ab-bae5-4da8-b0c2-c20c884feead}</UniqueIdentifier>
    </Filter>
    <Filter Include="Fichiers de ressources\Classifier">
      <UniqueIdentifier>{e1ccf051-f147-4ca3-b36c-cbeadcac15db}</UniqueIdentifier>
    </Filter>
    <Filter Include="Fichiers de ressources\3rd Party">
      <UniqueIdentifier>{95f17f71-a6b4-4ad2-bcd2-71efbaed0eaa}</UniqueIdentifier>
    </Filter>
    <Filter Include="Fichiers de ressources\Artifact">
      <UniqueIdentifier>{0847a766-ee55-440e-8add-d77a0bf5bbbf}</UniqueIdentifier>
    </Filter>
  </ItemGroup>
  <ItemGroup>
    <ClInclude Include="..\test\misc.hpp">
      <Filter>Tests</Filter>
    </ClInclude>
    <ClInclude Include="..\include\geometry\classifier\CMatrixClassifierMDM.hpp">
      <Filter>Fichiers de ressources\Classifier</Filter>
    </ClInclude>
    <ClInclude Include="..\include\geometry\classifier\IMatrixClassifier.hpp">
      <Filter>Fichiers de ressources\Classifier</Filter>
    </ClInclude>
    <ClInclude Include="..\include\geometry\3rd-party\tinyxml2.h">
      <Filter>Fichiers de ressources\3rd Party</Filter>
    </ClInclude>
    <ClInclude Include="..\test\init.hpp">
      <Filter>Tests</Filter>
    </ClInclude>
    <ClInclude Include="..\test\test_Basics.hpp">
      <Filter>Tests</Filter>
    </ClInclude>
    <ClInclude Include="..\test\test_Covariance.hpp">
      <Filter>Tests</Filter>
    </ClInclude>
    <ClInclude Include="..\test\test_Distance.hpp">
      <Filter>Tests</Filter>
    </ClInclude>
    <ClInclude Include="..\test\test_Featurization.hpp">
      <Filter>Tests</Filter>
    </ClInclude>
    <ClInclude Include="..\test\test_Geodesics.hpp">
      <Filter>Tests</Filter>
    </ClInclude>
    <ClInclude Include="..\test\test_Mean.hpp">
      <Filter>Tests</Filter>
    </ClInclude>
    <ClInclude Include="..\test\test_Classifier.hpp">
      <Filter>Tests</Filter>
    </ClInclude>
    <ClInclude Include="..\test\test_MatrixClassifier.hpp">
      <Filter>Tests</Filter>
    </ClInclude>
    <ClInclude Include="..\include\geometry\classifier\CMatrixClassifierMDMRebias.hpp">
      <Filter>Fichiers de ressources\Classifier</Filter>
    </ClInclude>
    <ClInclude Include="..\include\geometry\classifier\CMatrixClassifierFgMDMRT.hpp">
      <Filter>Fichiers de ressources\Classifier</Filter>
    </ClInclude>
    <ClInclude Include="..\include\geometry\classifier\CMatrixClassifierFgMDM.hpp">
      <Filter>Fichiers de ressources\Classifier</Filter>
    </ClInclude>
    <ClInclude Include="..\include\geometry\classifier\CMatrixClassifierFgMDMRTRebias.hpp">
      <Filter>Fichiers de ressources\Classifier</Filter>
    </ClInclude>
    <ClInclude Include="..\include\geometry\classifier\CBias.hpp">
      <Filter>Fichiers de ressources\Classifier</Filter>
    </ClInclude>
    <ClInclude Include="..\include\geometry\artifacts\CASR.hpp">
      <Filter>Fichiers de ressources\Artifact</Filter>
    </ClInclude>
    <ClInclude Include="..\test\test_ASR.hpp">
      <Filter>Tests</Filter>
    </ClInclude>
    <ClInclude Include="..\test\test_Misc.hpp">
      <Filter>Tests</Filter>
    </ClInclude>
    <ClInclude Include="..\include\geometry\Basics.hpp">
      <Filter>Fichiers de ressources</Filter>
    </ClInclude>
    <ClInclude Include="..\include\geometry\Classification.hpp">
      <Filter>Fichiers de ressources</Filter>
    </ClInclude>
    <ClInclude Include="..\include\geometry\Covariance.hpp">
      <Filter>Fichiers de ressources</Filter>
    </ClInclude>
    <ClInclude Include="..\include\geometry\Distance.hpp">
      <Filter>Fichiers de ressources</Filter>
    </ClInclude>
    <ClInclude Include="..\include\geometry\Featurization.hpp">
      <Filter>Fichiers de ressources</Filter>
    </ClInclude>
    <ClInclude Include="..\include\geometry\Geodesic.hpp">
      <Filter>Fichiers de ressources</Filter>
    </ClInclude>
    <ClInclude Include="..\include\geometry\Mean.hpp">
      <Filter>Fichiers de ressources</Filter>
    </ClInclude>
    <ClInclude Include="..\include\geometry\Metrics.hpp">
      <Filter>Fichiers de ressources</Filter>
    </ClInclude>
    <ClInclude Include="..\include\geometry\Misc.hpp">
      <Filter>Fichiers de ressources</Filter>
    </ClInclude>
  </ItemGroup>
  <ItemGroup>
    <ClCompile Include="..\test\main.cpp" />
    <ClCompile Include="..\src\classifier\CMatrixClassifierMDM.cpp">
      <Filter>Fichiers de ressources\Classifier</Filter>
    </ClCompile>
    <ClCompile Include="..\src\classifier\IMatrixClassifier.cpp">
      <Filter>Fichiers de ressources\Classifier</Filter>
    </ClCompile>
    <ClCompile Include="..\dependencies\googletest\googletest\src\gtest-all.cc">
      <Filter>Tests</Filter>
    </ClCompile>
    <ClCompile Include="..\dependencies\googletest\googlemock\src\gmock-all.cc">
      <Filter>Tests</Filter>
    </ClCompile>
    <ClCompile Include="..\src\3rd-party\tinyxml2.cpp">
      <Filter>Fichiers de ressources\3rd Party</Filter>
    </ClCompile>
    <ClCompile Include="..\src\classifier\CMatrixClassifierMDMRebias.cpp">
      <Filter>Fichiers de ressources\Classifier</Filter>
    </ClCompile>
    <ClCompile Include="..\src\classifier\CMatrixClassifierFgMDMRT.cpp">
      <Filter>Fichiers de ressources\Classifier</Filter>
    </ClCompile>
    <ClCompile Include="..\src\classifier\CMatrixClassifierFgMDM.cpp">
      <Filter>Fichiers de ressources\Classifier</Filter>
    </ClCompile>
    <ClCompile Include="..\src\classifier\CMatrixClassifierFgMDMRTRebias.cpp">
      <Filter>Fichiers de ressources\Classifier</Filter>
    </ClCompile>
    <ClCompile Include="..\src\classifier\CBias.cpp">
      <Filter>Fichiers de ressources\Classifier</Filter>
    </ClCompile>
    <ClCompile Include="..\src\artifacts\CASR.cpp">
      <Filter>Fichiers de ressources\Artifact</Filter>
    </ClCompile>
    <ClCompile Include="..\src\Basics.cpp">
      <Filter>Fichiers de ressources</Filter>
    </ClCompile>
    <ClCompile Include="..\src\Classification.cpp">
      <Filter>Fichiers de ressources</Filter>
    </ClCompile>
    <ClCompile Include="..\src\Covariance.cpp">
      <Filter>Fichiers de ressources</Filter>
    </ClCompile>
    <ClCompile Include="..\src\Distance.cpp">
      <Filter>Fichiers de ressources</Filter>
    </ClCompile>
    <ClCompile Include="..\src\Featurization.cpp">
      <Filter>Fichiers de ressources</Filter>
    </ClCompile>
    <ClCompile Include="..\src\Geodesic.cpp">
      <Filter>Fichiers de ressources</Filter>
    </ClCompile>
    <ClCompile Include="..\src\Mean.cpp">
      <Filter>Fichiers de ressources</Filter>
    </ClCompile>
    <ClCompile Include="..\src\Misc.cpp">
      <Filter>Fichiers de ressources</Filter>
    </ClCompile>
  </ItemGroup>
</Project>